
Microsoft Visual Studio Solution File, Format Version 12.00
# Visual Studio 15
VisualStudioVersion = 15.0.27004.2006
MinimumVisualStudioVersion = 10.0.40219.1
Project("{FAE04EC0-301F-11D3-BF4B-00C04F79EFBC}") = "Calculator.Tests", "Calculator.Tests\Calculator.Tests.csproj", "{9AFB26BB-877F-4500-9BE9-39B5B13FCAEB}"
EndProject
Project("{FAE04EC0-301F-11D3-BF4B-00C04F79EFBC}") = "Calculator", "Calculator\Calculator.csproj", "{D53D600C-7F59-446A-975B-3DA7DE628C12}"
EndProject
Project("{2150E333-8FDC-42A3-9474-1A3956D46DE8}") = "Solution Files", "Solution Files", "{0EDE8A4F-5C8F-46CB-92BA-F8823C270045}"
	ProjectSection(SolutionItems) = preProject
		.gitignore = .gitignore
	EndProjectSection
EndProject
Global
	GlobalSection(SolutionConfigurationPlatforms) = preSolution
		Debug|Any CPU = Debug|Any CPU
		Release|Any CPU = Release|Any CPU
	EndGlobalSection
	GlobalSection(ProjectConfigurationPlatforms) = postSolution
		{9AFB26BB-877F-4500-9BE9-39B5B13FCAEB}.Debug|Any CPU.ActiveCfg = Debug|Any CPU
		{9AFB26BB-877F-4500-9BE9-39B5B13FCAEB}.Debug|Any CPU.Build.0 = Debug|Any CPU
		{9AFB26BB-877F-4500-9BE9-39B5B13FCAEB}.Release|Any CPU.ActiveCfg = Release|Any CPU
		{9AFB26BB-877F-4500-9BE9-39B5B13FCAEB}.Release|Any CPU.Build.0 = Release|Any CPU
		{D53D600C-7F59-446A-975B-3DA7DE628C12}.Debug|Any CPU.ActiveCfg = Debug|Any CPU
		{D53D600C-7F59-446A-975B-3DA7DE628C12}.Debug|Any CPU.Build.0 = Debug|Any CPU
		{D53D600C-7F59-446A-975B-3DA7DE628C12}.Release|Any CPU.ActiveCfg = Release|Any CPU
		{D53D600C-7F59-446A-975B-3DA7DE628C12}.Release|Any CPU.Build.0 = Release|Any CPU
	EndGlobalSection
	GlobalSection(SolutionProperties) = preSolution
		HideSolutionNode = FALSE
	EndGlobalSection
	GlobalSection(ExtensibilityGlobals) = postSolution
		SolutionGuid = {68BB99D4-ED84-4D32-B6F5-AF1F2DF3F9B7}
	EndGlobalSection
EndGlobal
